
Microsoft Visual Studio Solution File, Format Version 12.00
# Visual Studio Version 17
VisualStudioVersion = 17.4.33205.214
MinimumVisualStudioVersion = 10.0.40219.1
Project("{FAE04EC0-301F-11D3-BF4B-00C04F79EFBC}") = "Mobile", "Mobile\Mobile.csproj", "{77F9C809-C4EE-49B2-84D8-4AFDAC046DBC}"
EndProject
Global
	GlobalSection(SolutionConfigurationPlatforms) = preSolution
		Debug|Any CPU = Debug|Any CPU
		Release|Any CPU = Release|Any CPU
	EndGlobalSection
	GlobalSection(ProjectConfigurationPlatforms) = postSolution
		{77F9C809-C4EE-49B2-84D8-4AFDAC046DBC}.Debug|Any CPU.ActiveCfg = Debug|Any CPU
		{77F9C809-C4EE-49B2-84D8-4AFDAC046DBC}.Debug|Any CPU.Build.0 = Debug|Any CPU
		{77F9C809-C4EE-49B2-84D8-4AFDAC046DBC}.Release|Any CPU.ActiveCfg = Release|Any CPU
		{77F9C809-C4EE-49B2-84D8-4AFDAC046DBC}.Release|Any CPU.Build.0 = Release|Any CPU
	EndGlobalSection
	GlobalSection(SolutionProperties) = preSolution
		HideSolutionNode = FALSE
	EndGlobalSection
	GlobalSection(ExtensibilityGlobals) = postSolution
		SolutionGuid = {53E12CBB-B666-4D13-867F-42341BB211FF}
	EndGlobalSection
EndGlobal
